# This file was autogenerated by uv via the following command:
#    uv pip compile requirements.txt -o requirements.lock --python-version 3.11 --python-platform linux --index-strategy unsafe-best-match --override constraints.txt
accelerate==1.12.0
    # via
    #   -r requirements.txt
    #   peft
    #   transformers
aiohappyeyeballs==2.6.1
    # via
    #   -r requirements.txt
    #   aiohttp
aiohttp==3.13.2
    # via
    #   -r requirements.txt
    #   fsspec
aiosignal==1.4.0
    # via
    #   -r requirements.txt
    #   aiohttp
antlr4-python3-runtime==4.9.3
    # via
    #   -r requirements.txt
    #   hydra-core
    #   omegaconf
anyio==4.12.0
    # via
    #   -r requirements.txt
    #   httpx
attrs==25.4.0
    # via
    #   -r requirements.txt
    #   aiohttp
    #   jsonlines
beautifulsoup4==4.14.3
    # via
    #   -r requirements.txt
    #   gdown
bioc==2.1
    # via
    #   -r requirements.txt
    #   flair
bitsandbytes==0.48.2
    # via -r requirements.txt
boto3==1.41.5
    # via
    #   -r requirements.txt
    #   flair
botocore==1.41.5
    # via
    #   -r requirements.txt
    #   boto3
    #   s3transfer
certifi==2025.11.12
    # via
    #   -r requirements.txt
    #   httpcore
    #   httpx
    #   requests
charset-normalizer==3.4.4
    # via
    #   -r requirements.txt
    #   requests
conllu==4.5.3
    # via
    #   -r requirements.txt
    #   flair
contourpy==1.3.3
    # via
    #   -r requirements.txt
    #   matplotlib
cycler==0.12.1
    # via
    #   -r requirements.txt
    #   matplotlib
datasets==4.4.1
    # via -r requirements.txt
deprecated==1.3.1
    # via
    #   -r requirements.txt
    #   flair
dill==0.4.0
    # via
    #   -r requirements.txt
    #   datasets
    #   multiprocess
docopt==0.6.2
    # via
    #   -r requirements.txt
    #   bioc
einops==0.8.1
    # via
    #   -r requirements.txt
    #   flash-attn
filelock==3.20.0
    # via
    #   -r requirements.txt
    #   datasets
    #   gdown
    #   huggingface-hub
    #   torch
    #   transformers
flair==0.15.1
    # via -r requirements.txt
flash-attn==2.8.3
    # via -r requirements.txt
fonttools==4.61.0
    # via
    #   -r requirements.txt
    #   matplotlib
frozenlist==1.8.0
    # via
    #   -r requirements.txt
    #   aiohttp
    #   aiosignal
fsspec==2025.10.0
    # via
    #   -r requirements.txt
    #   datasets
    #   huggingface-hub
    #   torch
ftfy==6.3.1
    # via
    #   -r requirements.txt
    #   flair
gdown==5.2.0
    # via
    #   -r requirements.txt
    #   flair
h11==0.16.0
    # via
    #   -r requirements.txt
    #   httpcore
hf-xet==1.2.0
    # via
    #   -r requirements.txt
    #   huggingface-hub
httpcore==1.0.9
    # via
    #   -r requirements.txt
    #   httpx
httpx==0.28.1
    # via
    #   -r requirements.txt
    #   datasets
huggingface-hub==0.36.0
    # via
    #   -r requirements.txt
    #   accelerate
    #   datasets
    #   flair
    #   peft
    #   sentence-transformers
    #   tokenizers
    #   transformers
hydra-core==1.3.2
    # via -r requirements.txt
idna==3.11
    # via
    #   -r requirements.txt
    #   anyio
    #   httpx
    #   requests
    #   yarl
intervaltree==3.1.0
    # via
    #   -r requirements.txt
    #   bioc
jinja2==3.1.6
    # via
    #   -r requirements.txt
    #   mpld3
    #   torch
jmespath==1.0.1
    # via
    #   -r requirements.txt
    #   boto3
    #   botocore
joblib==1.5.2
    # via
    #   -r requirements.txt
    #   scikit-learn
jsonlines==4.0.0
    # via
    #   -r requirements.txt
    #   bioc
kiwisolver==1.4.9
    # via
    #   -r requirements.txt
    #   matplotlib
langdetect==1.0.9
    # via
    #   -r requirements.txt
    #   flair
loguru==0.7.3
    # via -r requirements.txt
lxml==6.0.2
    # via
    #   -r requirements.txt
    #   bioc
    #   flair
markupsafe==3.0.3
    # via
    #   -r requirements.txt
    #   jinja2
matplotlib==3.10.7
    # via
    #   -r requirements.txt
    #   flair
    #   mpld3
more-itertools==10.8.0
    # via
    #   -r requirements.txt
    #   flair
mpld3==0.5.12
    # via
    #   -r requirements.txt
    #   flair
mpmath==1.3.0
    # via
    #   -r requirements.txt
    #   sympy
multidict==6.7.0
    # via
    #   -r requirements.txt
    #   aiohttp
    #   yarl
multiprocess==0.70.18
    # via
    #   -r requirements.txt
    #   datasets
networkx==3.6
    # via
    #   -r requirements.txt
    #   torch
numpy==2.3.5
    # via
    #   -r requirements.txt
    #   accelerate
    #   bitsandbytes
    #   contourpy
    #   datasets
    #   matplotlib
    #   pandas
    #   peft
    #   pytorch-revgrad
    #   scikit-learn
    #   scipy
    #   transformers
nvidia-cublas-cu12==12.8.4.1
    # via
    #   nvidia-cudnn-cu12
    #   nvidia-cusolver-cu12
    #   torch
nvidia-cuda-cupti-cu12==12.8.90
    # via torch
nvidia-cuda-nvrtc-cu12==12.8.93
    # via torch
nvidia-cuda-runtime-cu12==12.8.90
    # via torch
nvidia-cudnn-cu12==9.10.2.21
    # via torch
nvidia-cufft-cu12==11.3.3.83
    # via torch
nvidia-cufile-cu12==1.13.1.3
    # via torch
nvidia-curand-cu12==10.3.9.90
    # via torch
nvidia-cusolver-cu12==11.7.3.90
    # via torch
nvidia-cusparse-cu12==12.5.8.93
    # via
    #   nvidia-cusolver-cu12
    #   torch
nvidia-cusparselt-cu12==0.7.1
    # via torch
nvidia-nccl-cu12==2.27.3
    # via torch
nvidia-nvjitlink-cu12==12.8.93
    # via
    #   nvidia-cufft-cu12
    #   nvidia-cusolver-cu12
    #   nvidia-cusparse-cu12
    #   torch
nvidia-nvtx-cu12==12.8.90
    # via torch
omegaconf==2.3.0
    # via
    #   -r requirements.txt
    #   hydra-core
packaging==25.0
    # via
    #   -r requirements.txt
    #   accelerate
    #   bitsandbytes
    #   datasets
    #   huggingface-hub
    #   hydra-core
    #   matplotlib
    #   peft
    #   transformers
pandas==2.3.3
    # via
    #   -r requirements.txt
    #   datasets
peft==0.17.1
    # via -r requirements.txt
pillow==12.0.0
    # via
    #   -r requirements.txt
    #   matplotlib
    #   sentence-transformers
pptree==3.1
    # via
    #   -r requirements.txt
    #   flair
propcache==0.4.1
    # via
    #   -r requirements.txt
    #   aiohttp
    #   yarl
protobuf==6.33.1
    # via
    #   -r requirements.txt
    #   transformers
psutil==7.1.3
    # via
    #   -r requirements.txt
    #   accelerate
    #   peft
pyarrow==22.0.0
    # via
    #   -r requirements.txt
    #   datasets
pyparsing==3.2.5
    # via
    #   -r requirements.txt
    #   matplotlib
pysocks==1.7.1
    # via
    #   -r requirements.txt
    #   requests
python-dateutil==2.9.0.post0
    # via
    #   -r requirements.txt
    #   botocore
    #   flair
    #   matplotlib
    #   pandas
pytorch-revgrad==0.2.0
    # via
    #   -r requirements.txt
    #   flair
pytz==2025.2
    # via
    #   -r requirements.txt
    #   pandas
pyyaml==6.0.3
    # via
    #   -r requirements.txt
    #   accelerate
    #   datasets
    #   huggingface-hub
    #   omegaconf
    #   peft
    #   transformers
regex==2025.11.3
    # via
    #   -r requirements.txt
    #   flair
    #   segtok
    #   transformers
requests==2.32.5
    # via
    #   -r requirements.txt
    #   datasets
    #   gdown
    #   huggingface-hub
    #   transformers
    #   wikipedia-api
s3transfer==0.15.0
    # via
    #   -r requirements.txt
    #   boto3
safetensors==0.7.0
    # via
    #   -r requirements.txt
    #   accelerate
    #   peft
    #   transformers
scikit-learn==1.7.2
    # via
    #   -r requirements.txt
    #   flair
    #   sentence-transformers
scipy==1.16.3
    # via
    #   -r requirements.txt
    #   scikit-learn
    #   sentence-transformers
segtok==1.5.11
    # via
    #   -r requirements.txt
    #   flair
sentence-transformers==5.1.2
    # via -r requirements.txt
sentencepiece==0.2.1
    # via
    #   -r requirements.txt
    #   transformers
setuptools==80.9.0
    # via
    #   -r requirements.txt
    #   triton
six==1.17.0
    # via
    #   -r requirements.txt
    #   langdetect
    #   python-dateutil
sortedcontainers==2.4.0
    # via
    #   -r requirements.txt
    #   intervaltree
soupsieve==2.8
    # via
    #   -r requirements.txt
    #   beautifulsoup4
sqlitedict==2.1.0
    # via
    #   -r requirements.txt
    #   flair
sympy==1.14.0
    # via
    #   -r requirements.txt
    #   torch
tabulate==0.9.0
    # via
    #   -r requirements.txt
    #   flair
threadpoolctl==3.6.0
    # via
    #   -r requirements.txt
    #   scikit-learn
tokenizers==0.22.1
    # via
    #   -r requirements.txt
    #   transformers
torch==2.8.0+cu128
    # via
    #   --override constraints.txt
    #   accelerate
    #   bitsandbytes
    #   flair
    #   flash-attn
    #   peft
    #   pytorch-revgrad
    #   sentence-transformers
    #   transformer-smaller-training-vocab
    #   transformers
tqdm==4.67.1
    # via
    #   -r requirements.txt
    #   bioc
    #   datasets
    #   flair
    #   gdown
    #   huggingface-hub
    #   peft
    #   sentence-transformers
    #   transformers
transformer-smaller-training-vocab==0.4.2
    # via
    #   -r requirements.txt
    #   flair
transformers==4.57.3
    # via
    #   -r requirements.txt
    #   flair
    #   peft
    #   sentence-transformers
    #   transformer-smaller-training-vocab
triton==3.4.0
    # via torch
typing-extensions==4.15.0
    # via
    #   -r requirements.txt
    #   aiosignal
    #   anyio
    #   beautifulsoup4
    #   huggingface-hub
    #   sentence-transformers
    #   torch
tzdata==2025.2
    # via
    #   -r requirements.txt
    #   pandas
urllib3==2.5.0
    # via
    #   -r requirements.txt
    #   botocore
    #   requests
wcwidth==0.2.14
    # via
    #   -r requirements.txt
    #   ftfy
wheel==0.45.1
    # via -r requirements.txt
wikipedia-api==0.8.1
    # via
    #   -r requirements.txt
    #   flair
wrapt==2.0.1
    # via
    #   -r requirements.txt
    #   deprecated
xxhash==3.6.0
    # via
    #   -r requirements.txt
    #   datasets
yarl==1.22.0
    # via
    #   -r requirements.txt
    #   aiohttp
